PODS:
  - LEGOImageEditor (0.3.7):
    - Masonry
  - Masonry (1.1.0)

DEPENDENCIES:
  - LEGOImageEditor (from `../`)
  - Masonry (~> 1.1.0)

SPEC REPOS:
  https://github.com/CocoaPods/Specs.git:
    - Masonry

EXTERNAL SOURCES:
  LEGOImageEditor:
    :path: "../"

SPEC CHECKSUMS:
  LEGOImageEditor: 741d7c858cbcb89383891c97ecc34c1719fdc532
  Masonry: 678fab65091a9290e40e2832a55e7ab731aad201

PODFILE CHECKSUM: 7a1ffbdba541fb09ca42b00812a6818ba82658d9

COCOAPODS: 1.11.3
