PODS:
  - LEGOImageEditor (0.1.0):
    - Masonry
  - Masonry (1.1.0)

DEPENDENCIES:
  - LEGOImageEditor (from `../`)

SPEC REPOS:
  https://github.com/cocoapods/specs.git:
    - Masonry

EXTERNAL SOURCES:
  LEGOImageEditor:
    :path: "../"

SPEC CHECKSUMS:
  LEGOImageEditor: 32195377e2644e7ffeb3ec6670fe005727654ecc
  Masonry: 678fab65091a9290e40e2832a55e7ab731aad201

PODFILE CHECKSUM: 042cc0c5c17dd8652abda1ea96d284ee0dddfdd5

COCOAPODS: 1.6.1
